// !$*UTF8*$!
{
	archiveVersion = 1;
	classes = {
	};
	objectVersion = 48;
	objects = {

/* Begin PBXBuildFile section */
		22199E231FCECD66002119E0 /* AppDelegate.swift in Sources */ = {isa = PBXBuildFile; fileRef = 22199E221FCECD66002119E0 /* AppDelegate.swift */; };
		22199E251FCECD66002119E0 /* ViewController.swift in Sources */ = {isa = PBXBuildFile; fileRef = 22199E241FCECD66002119E0 /* ViewController.swift */; };
		22199E281FCECD66002119E0 /* Main.storyboard in Resources */ = {isa = PBXBuildFile; fileRef = 22199E261FCECD66002119E0 /* Main.storyboard */; };
		22199E2A1FCECD66002119E0 /* Assets.xcassets in Resources */ = {isa = PBXBuildFile; fileRef = 22199E291FCECD66002119E0 /* Assets.xcassets */; };
		22199E2D1FCECD66002119E0 /* LaunchScreen.storyboard in Resources */ = {isa = PBXBuildFile; fileRef = 22199E2B1FCECD66002119E0 /* LaunchScreen.storyboard */; };
		22199E381FCECD66002119E0 /* VirtualTouristTests.swift in Sources */ = {isa = PBXBuildFile; fileRef = 22199E371FCECD66002119E0 /* VirtualTouristTests.swift */; };
		22199E431FCECD66002119E0 /* VirtualTouristUITests.swift in Sources */ = {isa = PBXBuildFile; fileRef = 22199E421FCECD66002119E0 /* VirtualTouristUITests.swift */; };
		22199E541FCEF5FF002119E0 /* AlbumViewController.swift in Sources */ = {isa = PBXBuildFile; fileRef = 22199E531FCEF5FF002119E0 /* AlbumViewController.swift */; };
		22199E561FCF0FA3002119E0 /* FlickrClient.swift in Sources */ = {isa = PBXBuildFile; fileRef = 22199E551FCF0FA3002119E0 /* FlickrClient.swift */; };
		22199E581FCF116D002119E0 /* Constants.swift in Sources */ = {isa = PBXBuildFile; fileRef = 22199E571FCF116D002119E0 /* Constants.swift */; };
		22199E5A1FCF1207002119E0 /* GCDBlackBox.swift in Sources */ = {isa = PBXBuildFile; fileRef = 22199E591FCF1207002119E0 /* GCDBlackBox.swift */; };
		227CDBDF1FD038D70037B3FF /* Model.xcdatamodeld in Sources */ = {isa = PBXBuildFile; fileRef = 227CDBDD1FD038D70037B3FF /* Model.xcdatamodeld */; };
		227CDBE11FD03B0A0037B3FF /* CoreDataStack.swift in Sources */ = {isa = PBXBuildFile; fileRef = 227CDBE01FD03B0A0037B3FF /* CoreDataStack.swift */; };
		227CDBE71FD03B5F0037B3FF /* Pin+CoreDataClass.swift in Sources */ = {isa = PBXBuildFile; fileRef = 227CDBE31FD03B5F0037B3FF /* Pin+CoreDataClass.swift */; };
		227CDBE81FD03B5F0037B3FF /* Pin+CoreDataProperties.swift in Sources */ = {isa = PBXBuildFile; fileRef = 227CDBE41FD03B5F0037B3FF /* Pin+CoreDataProperties.swift */; };
		227CDBE91FD03B5F0037B3FF /* Image+CoreDataClass.swift in Sources */ = {isa = PBXBuildFile; fileRef = 227CDBE51FD03B5F0037B3FF /* Image+CoreDataClass.swift */; };
		227CDBEA1FD03B5F0037B3FF /* Image+CoreDataProperties.swift in Sources */ = {isa = PBXBuildFile; fileRef = 227CDBE61FD03B5F0037B3FF /* Image+CoreDataProperties.swift */; };
		22D651941FD1612200FBA093 /* FlickrCollectionViewCell.swift in Sources */ = {isa = PBXBuildFile; fileRef = 22D651931FD1612200FBA093 /* FlickrCollectionViewCell.swift */; };
/* End PBXBuildFile section */

/* Begin PBXContainerItemProxy section */
		22199E341FCECD66002119E0 /* PBXContainerItemProxy */ = {
			isa = PBXContainerItemProxy;
			containerPortal = 22199E171FCECD66002119E0 /* Project object */;
			proxyType = 1;
			remoteGlobalIDString = 22199E1E1FCECD66002119E0;
			remoteInfo = VirtualTourist;
		};
		22199E3F1FCECD66002119E0 /* PBXContainerItemProxy */ = {
			isa = PBXContainerItemProxy;
			containerPortal = 22199E171FCECD66002119E0 /* Project object */;
			proxyType = 1;
			remoteGlobalIDString = 22199E1E1FCECD66002119E0;
			remoteInfo = VirtualTourist;
		};
/* End PBXContainerItemProxy section */

/* Begin PBXFileReference section */
		22199E1F1FCECD66002119E0 /* VirtualTourist.app */ = {isa = PBXFileReference; explicitFileType = wrapper.application; includeInIndex = 0; path = VirtualTourist.app; sourceTree = BUILT_PRODUCTS_DIR; };
		22199E221FCECD66002119E0 /* AppDelegate.swift */ = {isa = PBXFileReference; lastKnownFileType = sourcecode.swift; path = AppDelegate.swift; sourceTree = "<group>"; };
		22199E241FCECD66002119E0 /* ViewController.swift */ = {isa = PBXFileReference; lastKnownFileType = sourcecode.swift; path = ViewController.swift; sourceTree = "<group>"; };
		22199E271FCECD66002119E0 /* Base */ = {isa = PBXFileReference; lastKnownFileType = file.storyboard; name = Base; path = Base.lproj/Main.storyboard; sourceTree = "<group>"; };
		22199E291FCECD66002119E0 /* Assets.xcassets */ = {isa = PBXFileReference; lastKnownFileType = folder.assetcatalog; path = Assets.xcassets; sourceTree = "<group>"; };
		22199E2C1FCECD66002119E0 /* Base */ = {isa = PBXFileReference; lastKnownFileType = file.storyboard; name = Base; path = Base.lproj/LaunchScreen.storyboard; sourceTree = "<group>"; };
		22199E2E1FCECD66002119E0 /* Info.plist */ = {isa = PBXFileReference; lastKnownFileType = text.plist.xml; path = Info.plist; sourceTree = "<group>"; };
		22199E331FCECD66002119E0 /* VirtualTouristTests.xctest */ = {isa = PBXFileReference; explicitFileType = wrapper.cfbundle; includeInIndex = 0; path = VirtualTouristTests.xctest; sourceTree = BUILT_PRODUCTS_DIR; };
		22199E371FCECD66002119E0 /* VirtualTouristTests.swift */ = {isa = PBXFileReference; lastKnownFileType = sourcecode.swift; path = VirtualTouristTests.swift; sourceTree = "<group>"; };
		22199E391FCECD66002119E0 /* Info.plist */ = {isa = PBXFileReference; lastKnownFileType = text.plist.xml; path = Info.plist; sourceTree = "<group>"; };
		22199E3E1FCECD66002119E0 /* VirtualTouristUITests.xctest */ = {isa = PBXFileReference; explicitFileType = wrapper.cfbundle; includeInIndex = 0; path = VirtualTouristUITests.xctest; sourceTree = BUILT_PRODUCTS_DIR; };
		22199E421FCECD66002119E0 /* VirtualTouristUITests.swift */ = {isa = PBXFileReference; lastKnownFileType = sourcecode.swift; path = VirtualTouristUITests.swift; sourceTree = "<group>"; };
		22199E441FCECD66002119E0 /* Info.plist */ = {isa = PBXFileReference; lastKnownFileType = text.plist.xml; path = Info.plist; sourceTree = "<group>"; };
		22199E531FCEF5FF002119E0 /* AlbumViewController.swift */ = {isa = PBXFileReference; lastKnownFileType = sourcecode.swift; path = AlbumViewController.swift; sourceTree = "<group>"; };
		22199E551FCF0FA3002119E0 /* FlickrClient.swift */ = {isa = PBXFileReference; lastKnownFileType = sourcecode.swift; path = FlickrClient.swift; sourceTree = "<group>"; };
		22199E571FCF116D002119E0 /* Constants.swift */ = {isa = PBXFileReference; fileEncoding = 4; lastKnownFileType = sourcecode.swift; path = Constants.swift; sourceTree = "<group>"; };
		22199E591FCF1207002119E0 /* GCDBlackBox.swift */ = {isa = PBXFileReference; fileEncoding = 4; lastKnownFileType = sourcecode.swift; path = GCDBlackBox.swift; sourceTree = "<group>"; };
		227CDBDE1FD038D70037B3FF /* Model.xcdatamodel */ = {isa = PBXFileReference; lastKnownFileType = wrapper.xcdatamodel; path = Model.xcdatamodel; sourceTree = "<group>"; };
		227CDBE01FD03B0A0037B3FF /* CoreDataStack.swift */ = {isa = PBXFileReference; lastKnownFileType = sourcecode.swift; path = CoreDataStack.swift; sourceTree = "<group>"; };
		227CDBE31FD03B5F0037B3FF /* Pin+CoreDataClass.swift */ = {isa = PBXFileReference; lastKnownFileType = sourcecode.swift; path = "Pin+CoreDataClass.swift"; sourceTree = "<group>"; };
		227CDBE41FD03B5F0037B3FF /* Pin+CoreDataProperties.swift */ = {isa = PBXFileReference; lastKnownFileType = sourcecode.swift; path = "Pin+CoreDataProperties.swift"; sourceTree = "<group>"; };
		227CDBE51FD03B5F0037B3FF /* Image+CoreDataClass.swift */ = {isa = PBXFileReference; lastKnownFileType = sourcecode.swift; path = "Image+CoreDataClass.swift"; sourceTree = "<group>"; };
		227CDBE61FD03B5F0037B3FF /* Image+CoreDataProperties.swift */ = {isa = PBXFileReference; lastKnownFileType = sourcecode.swift; path = "Image+CoreDataProperties.swift"; sourceTree = "<group>"; };
		22D651931FD1612200FBA093 /* FlickrCollectionViewCell.swift */ = {isa = PBXFileReference; lastKnownFileType = sourcecode.swift; path = FlickrCollectionViewCell.swift; sourceTree = "<group>"; };
/* End PBXFileReference section */

/* Begin PBXFrameworksBuildPhase section */
		22199E1C1FCECD66002119E0 /* Frameworks */ = {
			isa = PBXFrameworksBuildPhase;
			buildActionMask = 2147483647;
			files = (
			);
			runOnlyForDeploymentPostprocessing = 0;
		};
		22199E301FCECD66002119E0 /* Frameworks */ = {
			isa = PBXFrameworksBuildPhase;
			buildActionMask = 2147483647;
			files = (
			);
			runOnlyForDeploymentPostprocessing = 0;
		};
		22199E3B1FCECD66002119E0 /* Frameworks */ = {
			isa = PBXFrameworksBuildPhase;
			buildActionMask = 2147483647;
			files = (
			);
			runOnlyForDeploymentPostprocessing = 0;
		};
/* End PBXFrameworksBuildPhase section */

/* Begin PBXGroup section */
		22199E161FCECD66002119E0 = {
			isa = PBXGroup;
			children = (
				22199E211FCECD66002119E0 /* VirtualTourist */,
				22199E361FCECD66002119E0 /* VirtualTouristTests */,
				22199E411FCECD66002119E0 /* VirtualTouristUITests */,
				22199E201FCECD66002119E0 /* Products */,
			);
			sourceTree = "<group>";
		};
		22199E201FCECD66002119E0 /* Products */ = {
			isa = PBXGroup;
			children = (
				22199E1F1FCECD66002119E0 /* VirtualTourist.app */,
				22199E331FCECD66002119E0 /* VirtualTouristTests.xctest */,
				22199E3E1FCECD66002119E0 /* VirtualTouristUITests.xctest */,
			);
			name = Products;
			sourceTree = "<group>";
		};
		22199E211FCECD66002119E0 /* VirtualTourist */ = {
			isa = PBXGroup;
			children = (
				22199E521FCED000002119E0 /* Controller */,
				22199E511FCECFFA002119E0 /* Model */,
				22199E501FCECFEE002119E0 /* View */,
				22199E221FCECD66002119E0 /* AppDelegate.swift */,
				22199E591FCF1207002119E0 /* GCDBlackBox.swift */,
				22199E261FCECD66002119E0 /* Main.storyboard */,
				22199E291FCECD66002119E0 /* Assets.xcassets */,
				22199E2B1FCECD66002119E0 /* LaunchScreen.storyboard */,
				22199E2E1FCECD66002119E0 /* Info.plist */,
			);
			path = VirtualTourist;
			sourceTree = "<group>";
		};
		22199E361FCECD66002119E0 /* VirtualTouristTests */ = {
			isa = PBXGroup;
			children = (
				22199E371FCECD66002119E0 /* VirtualTouristTests.swift */,
				22199E391FCECD66002119E0 /* Info.plist */,
			);
			path = VirtualTouristTests;
			sourceTree = "<group>";
		};
		22199E411FCECD66002119E0 /* VirtualTouristUITests */ = {
			isa = PBXGroup;
			children = (
				22199E421FCECD66002119E0 /* VirtualTouristUITests.swift */,
				22199E441FCECD66002119E0 /* Info.plist */,
			);
			path = VirtualTouristUITests;
			sourceTree = "<group>";
		};
		22199E501FCECFEE002119E0 /* View */ = {
			isa = PBXGroup;
			children = (
				22D651931FD1612200FBA093 /* FlickrCollectionViewCell.swift */,
			);
			path = View;
			sourceTree = "<group>";
		};
		22199E511FCECFFA002119E0 /* Model */ = {
			isa = PBXGroup;
			children = (
				227CDBE21FD03B320037B3FF /* Client */,
				227CDBE31FD03B5F0037B3FF /* Pin+CoreDataClass.swift */,
				227CDBE41FD03B5F0037B3FF /* Pin+CoreDataProperties.swift */,
				227CDBE51FD03B5F0037B3FF /* Image+CoreDataClass.swift */,
				227CDBE61FD03B5F0037B3FF /* Image+CoreDataProperties.swift */,
				227CDBDD1FD038D70037B3FF /* Model.xcdatamodeld */,
				227CDBE01FD03B0A0037B3FF /* CoreDataStack.swift */,
			);
			path = Model;
			sourceTree = "<group>";
		};
		22199E521FCED000002119E0 /* Controller */ = {
			isa = PBXGroup;
			children = (
				22199E241FCECD66002119E0 /* ViewController.swift */,
				22199E531FCEF5FF002119E0 /* AlbumViewController.swift */,
			);
			path = Controller;
			sourceTree = "<group>";
		};
		227CDBE21FD03B320037B3FF /* Client */ = {
			isa = PBXGroup;
			children = (
				22199E551FCF0FA3002119E0 /* FlickrClient.swift */,
				22199E571FCF116D002119E0 /* Constants.swift */,
			);
			path = Client;
			sourceTree = "<group>";
		};
/* End PBXGroup section */

/* Begin PBXNativeTarget section */
		22199E1E1FCECD66002119E0 /* VirtualTourist */ = {
			isa = PBXNativeTarget;
			buildConfigurationList = 22199E471FCECD66002119E0 /* Build configuration list for PBXNativeTarget "VirtualTourist" */;
			buildPhases = (
				22199E1B1FCECD66002119E0 /* Sources */,
				22199E1C1FCECD66002119E0 /* Frameworks */,
				22199E1D1FCECD66002119E0 /* Resources */,
			);
			buildRules = (
			);
			dependencies = (
			);
			name = VirtualTourist;
			productName = VirtualTourist;
			productReference = 22199E1F1FCECD66002119E0 /* VirtualTourist.app */;
			productType = "com.apple.product-type.application";
		};
		22199E321FCECD66002119E0 /* VirtualTouristTests */ = {
			isa = PBXNativeTarget;
			buildConfigurationList = 22199E4A1FCECD66002119E0 /* Build configuration list for PBXNativeTarget "VirtualTouristTests" */;
			buildPhases = (
				22199E2F1FCECD66002119E0 /* Sources */,
				22199E301FCECD66002119E0 /* Frameworks */,
				22199E311FCECD66002119E0 /* Resources */,
			);
			buildRules = (
			);
			dependencies = (
				22199E351FCECD66002119E0 /* PBXTargetDependency */,
			);
			name = VirtualTouristTests;
			productName = VirtualTouristTests;
			productReference = 22199E331FCECD66002119E0 /* VirtualTouristTests.xctest */;
			productType = "com.apple.product-type.bundle.unit-test";
		};
		22199E3D1FCECD66002119E0 /* VirtualTouristUITests */ = {
			isa = PBXNativeTarget;
			buildConfigurationList = 22199E4D1FCECD66002119E0 /* Build configuration list for PBXNativeTarget "VirtualTouristUITests" */;
			buildPhases = (
				22199E3A1FCECD66002119E0 /* Sources */,
				22199E3B1FCECD66002119E0 /* Frameworks */,
				22199E3C1FCECD66002119E0 /* Resources */,
			);
			buildRules = (
			);
			dependencies = (
				22199E401FCECD66002119E0 /* PBXTargetDependency */,
			);
			name = VirtualTouristUITests;
			productName = VirtualTouristUITests;
			productReference = 22199E3E1FCECD66002119E0 /* VirtualTouristUITests.xctest */;
			productType = "com.apple.product-type.bundle.ui-testing";
		};
/* End PBXNativeTarget section */

/* Begin PBXProject section */
		22199E171FCECD66002119E0 /* Project object */ = {
			isa = PBXProject;
			attributes = {
				LastSwiftUpdateCheck = 0910;
				LastUpgradeCheck = 0910;
				ORGANIZATIONNAME = udacity;
				TargetAttributes = {
					22199E1E1FCECD66002119E0 = {
						CreatedOnToolsVersion = 9.1;
						ProvisioningStyle = Automatic;
					};
					22199E321FCECD66002119E0 = {
						CreatedOnToolsVersion = 9.1;
						ProvisioningStyle = Automatic;
						TestTargetID = 22199E1E1FCECD66002119E0;
					};
					22199E3D1FCECD66002119E0 = {
						CreatedOnToolsVersion = 9.1;
						ProvisioningStyle = Automatic;
						TestTargetID = 22199E1E1FCECD66002119E0;
					};
				};
			};
			buildConfigurationList = 22199E1A1FCECD66002119E0 /* Build configuration list for PBXProject "VirtualTourist" */;
			compatibilityVersion = "Xcode 8.0";
			developmentRegion = en;
			hasScannedForEncodings = 0;
			knownRegions = (
				en,
				Base,
			);
			mainGroup = 22199E161FCECD66002119E0;
			productRefGroup = 22199E201FCECD66002119E0 /* Products */;
			projectDirPath = "";
			projectRoot = "";
			targets = (
				22199E1E1FCECD66002119E0 /* VirtualTourist */,
				22199E321FCECD66002119E0 /* VirtualTouristTests */,
				22199E3D1FCECD66002119E0 /* VirtualTouristUITests */,
			);
		};
/* End PBXProject section */

/* Begin PBXResourcesBuildPhase section */
		22199E1D1FCECD66002119E0 /* Resources */ = {
			isa = PBXResourcesBuildPhase;
			buildActionMask = 2147483647;
			files = (
				22199E2D1FCECD66002119E0 /* LaunchScreen.storyboard in Resources */,
				22199E2A1FCECD66002119E0 /* Assets.xcassets in Resources */,
				22199E281FCECD66002119E0 /* Main.storyboard in Resources */,
			);
			runOnlyForDeploymentPostprocessing = 0;
		};
		22199E311FCECD66002119E0 /* Resources */ = {
			isa = PBXResourcesBuildPhase;
			buildActionMask = 2147483647;
			files = (
			);
			runOnlyForDeploymentPostprocessing = 0;
		};
		22199E3C1FCECD66002119E0 /* Resources */ = {
			isa = PBXResourcesBuildPhase;
			buildActionMask = 2147483647;
			files = (
			);
			runOnlyForDeploymentPostprocessing = 0;
		};
/* End PBXResourcesBuildPhase section */

/* Begin PBXSourcesBuildPhase section */
		22199E1B1FCECD66002119E0 /* Sources */ = {
			isa = PBXSourcesBuildPhase;
			buildActionMask = 2147483647;
			files = (
				227CDBE71FD03B5F0037B3FF /* Pin+CoreDataClass.swift in Sources */,
				22199E581FCF116D002119E0 /* Constants.swift in Sources */,
				22199E541FCEF5FF002119E0 /* AlbumViewController.swift in Sources */,
				22D651941FD1612200FBA093 /* FlickrCollectionViewCell.swift in Sources */,
				227CDBEA1FD03B5F0037B3FF /* Image+CoreDataProperties.swift in Sources */,
				227CDBE81FD03B5F0037B3FF /* Pin+CoreDataProperties.swift in Sources */,
				22199E251FCECD66002119E0 /* ViewController.swift in Sources */,
				227CDBE91FD03B5F0037B3FF /* Image+CoreDataClass.swift in Sources */,
				227CDBDF1FD038D70037B3FF /* Model.xcdatamodeld in Sources */,
				22199E231FCECD66002119E0 /* AppDelegate.swift in Sources */,
				22199E5A1FCF1207002119E0 /* GCDBlackBox.swift in Sources */,
				22199E561FCF0FA3002119E0 /* FlickrClient.swift in Sources */,
				227CDBE11FD03B0A0037B3FF /* CoreDataStack.swift in Sources */,
			);
			runOnlyForDeploymentPostprocessing = 0;
		};
		22199E2F1FCECD66002119E0 /* Sources */ = {
			isa = PBXSourcesBuildPhase;
			buildActionMask = 2147483647;
			files = (
				22199E381FCECD66002119E0 /* VirtualTouristTests.swift in Sources */,
			);
			runOnlyForDeploymentPostprocessing = 0;
		};
		22199E3A1FCECD66002119E0 /* Sources */ = {
			isa = PBXSourcesBuildPhase;
			buildActionMask = 2147483647;
			files = (
				22199E431FCECD66002119E0 /* VirtualTouristUITests.swift in Sources */,
			);
			runOnlyForDeploymentPostprocessing = 0;
		};
/* End PBXSourcesBuildPhase section */

/* Begin PBXTargetDependency section */
		22199E351FCECD66002119E0 /* PBXTargetDependency */ = {
			isa = PBXTargetDependency;
			target = 22199E1E1FCECD66002119E0 /* VirtualTourist */;
			targetProxy = 22199E341FCECD66002119E0 /* PBXContainerItemProxy */;
		};
		22199E401FCECD66002119E0 /* PBXTargetDependency */ = {
			isa = PBXTargetDependency;
			target = 22199E1E1FCECD66002119E0 /* VirtualTourist */;
			targetProxy = 22199E3F1FCECD66002119E0 /* PBXContainerItemProxy */;
		};
/* End PBXTargetDependency section */

/* Begin PBXVariantGroup section */
		22199E261FCECD66002119E0 /* Main.storyboard */ = {
			isa = PBXVariantGroup;
			children = (
				22199E271FCECD66002119E0 /* Base */,
			);
			name = Main.storyboard;
			sourceTree = "<group>";
		};
		22199E2B1FCECD66002119E0 /* LaunchScreen.storyboard */ = {
			isa = PBXVariantGroup;
			children = (
				22199E2C1FCECD66002119E0 /* Base */,
			);
			name = LaunchScreen.storyboard;
			sourceTree = "<group>";
		};
/* End PBXVariantGroup section */

/* Begin XCBuildConfiguration section */
		22199E451FCECD66002119E0 /* Debug */ = {
			isa = XCBuildConfiguration;
			buildSettings = {
				ALWAYS_SEARCH_USER_PATHS = NO;
				CLANG_ANALYZER_NONNULL = YES;
				CLANG_ANALYZER_NUMBER_OBJECT_CONVERSION = YES_AGGRESSIVE;
				CLANG_CXX_LANGUAGE_STANDARD = "gnu++14";
				CLANG_CXX_LIBRARY = "libc++";
				CLANG_ENABLE_MODULES = YES;
				CLANG_ENABLE_OBJC_ARC = YES;
				CLANG_WARN_BLOCK_CAPTURE_AUTORELEASING = YES;
				CLANG_WARN_BOOL_CONVERSION = YES;
				CLANG_WARN_COMMA = YES;
				CLANG_WARN_CONSTANT_CONVERSION = YES;
				CLANG_WARN_DIRECT_OBJC_ISA_USAGE = YES_ERROR;
				CLANG_WARN_DOCUMENTATION_COMMENTS = YES;
				CLANG_WARN_EMPTY_BODY = YES;
				CLANG_WARN_ENUM_CONVERSION = YES;
				CLANG_WARN_INFINITE_RECURSION = YES;
				CLANG_WARN_INT_CONVERSION = YES;
				CLANG_WARN_NON_LITERAL_NULL_CONVERSION = YES;
				CLANG_WARN_OBJC_LITERAL_CONVERSION = YES;
				CLANG_WARN_OBJC_ROOT_CLASS = YES_ERROR;
				CLANG_WARN_RANGE_LOOP_ANALYSIS = YES;
				CLANG_WARN_STRICT_PROTOTYPES = YES;
				CLANG_WARN_SUSPICIOUS_MOVE = YES;
				CLANG_WARN_UNGUARDED_AVAILABILITY = YES_AGGRESSIVE;
				CLANG_WARN_UNREACHABLE_CODE = YES;
				CLANG_WARN__DUPLICATE_METHOD_MATCH = YES;
				CODE_SIGN_IDENTITY = "iPhone Developer";
				COPY_PHASE_STRIP = NO;
				DEBUG_INFORMATION_FORMAT = dwarf;
				ENABLE_STRICT_OBJC_MSGSEND = YES;
				ENABLE_TESTABILITY = YES;
				GCC_C_LANGUAGE_STANDARD = gnu11;
				GCC_DYNAMIC_NO_PIC = NO;
				GCC_NO_COMMON_BLOCKS = YES;
				GCC_OPTIMIZATION_LEVEL = 0;
				GCC_PREPROCESSOR_DEFINITIONS = (
					"DEBUG=1",
					"$(inherited)",
				);
				GCC_WARN_64_TO_32_BIT_CONVERSION = YES;
				GCC_WARN_ABOUT_RETURN_TYPE = YES_ERROR;
				GCC_WARN_UNDECLARED_SELECTOR = YES;
				GCC_WARN_UNINITIALIZED_AUTOS = YES_AGGRESSIVE;
				GCC_WARN_UNUSED_FUNCTION = YES;
				GCC_WARN_UNUSED_VARIABLE = YES;
				IPHONEOS_DEPLOYMENT_TARGET = 11.1;
				MTL_ENABLE_DEBUG_INFO = YES;
				ONLY_ACTIVE_ARCH = YES;
				SDKROOT = iphoneos;
				SWIFT_ACTIVE_COMPILATION_CONDITIONS = DEBUG;
				SWIFT_OPTIMIZATION_LEVEL = "-Onone";
			};
			name = Debug;
		};
		22199E461FCECD66002119E0 /* Release */ = {
			isa = XCBuildConfiguration;
			buildSettings = {
				ALWAYS_SEARCH_USER_PATHS = NO;
				CLANG_ANALYZER_NONNULL = YES;
				CLANG_ANALYZER_NUMBER_OBJECT_CONVERSION = YES_AGGRESSIVE;
				CLANG_CXX_LANGUAGE_STANDARD = "gnu++14";
				CLANG_CXX_LIBRARY = "libc++";
				CLANG_ENABLE_MODULES = YES;
				CLANG_ENABLE_OBJC_ARC = YES;
				CLANG_WARN_BLOCK_CAPTURE_AUTORELEASING = YES;
				CLANG_WARN_BOOL_CONVERSION = YES;
				CLANG_WARN_COMMA = YES;
				CLANG_WARN_CONSTANT_CONVERSION = YES;
				CLANG_WARN_DIRECT_OBJC_ISA_USAGE = YES_ERROR;
				CLANG_WARN_DOCUMENTATION_COMMENTS = YES;
				CLANG_WARN_EMPTY_BODY = YES;
				CLANG_WARN_ENUM_CONVERSION = YES;
				CLANG_WARN_INFINITE_RECURSION = YES;
				CLANG_WARN_INT_CONVERSION = YES;
				CLANG_WARN_NON_LITERAL_NULL_CONVERSION = YES;
				CLANG_WARN_OBJC_LITERAL_CONVERSION = YES;
				CLANG_WARN_OBJC_ROOT_CLASS = YES_ERROR;
				CLANG_WARN_RANGE_LOOP_ANALYSIS = YES;
				CLANG_WARN_STRICT_PROTOTYPES = YES;
				CLANG_WARN_SUSPICIOUS_MOVE = YES;
				CLANG_WARN_UNGUARDED_AVAILABILITY = YES_AGGRESSIVE;
				CLANG_WARN_UNREACHABLE_CODE = YES;
				CLANG_WARN__DUPLICATE_METHOD_MATCH = YES;
				CODE_SIGN_IDENTITY = "iPhone Developer";
				COPY_PHASE_STRIP = NO;
				DEBUG_INFORMATION_FORMAT = "dwarf-with-dsym";
				ENABLE_NS_ASSERTIONS = NO;
				ENABLE_STRICT_OBJC_MSGSEND = YES;
				GCC_C_LANGUAGE_STANDARD = gnu11;
				GCC_NO_COMMON_BLOCKS = YES;
				GCC_WARN_64_TO_32_BIT_CONVERSION = YES;
				GCC_WARN_ABOUT_RETURN_TYPE = YES_ERROR;
				GCC_WARN_UNDECLARED_SELECTOR = YES;
				GCC_WARN_UNINITIALIZED_AUTOS = YES_AGGRESSIVE;
				GCC_WARN_UNUSED_FUNCTION = YES;
				GCC_WARN_UNUSED_VARIABLE = YES;
				IPHONEOS_DEPLOYMENT_TARGET = 11.1;
				MTL_ENABLE_DEBUG_INFO = NO;
				SDKROOT = iphoneos;
				SWIFT_OPTIMIZATION_LEVEL = "-Owholemodule";
				VALIDATE_PRODUCT = YES;
			};
			name = Release;
		};
		22199E481FCECD66002119E0 /* Debug */ = {
			isa = XCBuildConfiguration;
			buildSettings = {
				ASSETCATALOG_COMPILER_APPICON_NAME = AppIcon;
				CODE_SIGN_STYLE = Automatic;
				INFOPLIST_FILE = VirtualTourist/Info.plist;
				LD_RUNPATH_SEARCH_PATHS = "$(inherited) @executable_path/Frameworks";
				PRODUCT_BUNDLE_IDENTIFIER = udacity.VirtualTourist;
				PRODUCT_NAME = "$(TARGET_NAME)";
				SWIFT_VERSION = 4.0;
				TARGETED_DEVICE_FAMILY = "1,2";
			};
			name = Debug;
		};
		22199E491FCECD66002119E0 /* Release */ = {
			isa = XCBuildConfiguration;
			buildSettings = {
				ASSETCATALOG_COMPILER_APPICON_NAME = AppIcon;
				CODE_SIGN_STYLE = Automatic;
				INFOPLIST_FILE = VirtualTourist/Info.plist;
				LD_RUNPATH_SEARCH_PATHS = "$(inherited) @executable_path/Frameworks";
				PRODUCT_BUNDLE_IDENTIFIER = udacity.VirtualTourist;
				PRODUCT_NAME = "$(TARGET_NAME)";
				SWIFT_VERSION = 4.0;
				TARGETED_DEVICE_FAMILY = "1,2";
			};
			name = Release;
		};
		22199E4B1FCECD66002119E0 /* Debug */ = {
			isa = XCBuildConfiguration;
			buildSettings = {
				ALWAYS_EMBED_SWIFT_STANDARD_LIBRARIES = YES;
				BUNDLE_LOADER = "$(TEST_HOST)";
				CODE_SIGN_STYLE = Automatic;
				INFOPLIST_FILE = VirtualTouristTests/Info.plist;
				LD_RUNPATH_SEARCH_PATHS = "$(inherited) @executable_path/Frameworks @loader_path/Frameworks";
				PRODUCT_BUNDLE_IDENTIFIER = udacity.VirtualTouristTests;
				PRODUCT_NAME = "$(TARGET_NAME)";
				SWIFT_VERSION = 4.0;
				TARGETED_DEVICE_FAMILY = "1,2";
				TEST_HOST = "$(BUILT_PRODUCTS_DIR)/VirtualTourist.app/VirtualTourist";
			};
			name = Debug;
		};
		22199E4C1FCECD66002119E0 /* Release */ = {
			isa = XCBuildConfiguration;
			buildSettings = {
				ALWAYS_EMBED_SWIFT_STANDARD_LIBRARIES = YES;
				BUNDLE_LOADER = "$(TEST_HOST)";
				CODE_SIGN_STYLE = Automatic;
				INFOPLIST_FILE = VirtualTouristTests/Info.plist;
				LD_RUNPATH_SEARCH_PATHS = "$(inherited) @executable_path/Frameworks @loader_path/Frameworks";
				PRODUCT_BUNDLE_IDENTIFIER = udacity.VirtualTouristTests;
				PRODUCT_NAME = "$(TARGET_NAME)";
				SWIFT_VERSION = 4.0;
				TARGETED_DEVICE_FAMILY = "1,2";
				TEST_HOST = "$(BUILT_PRODUCTS_DIR)/VirtualTourist.app/VirtualTourist";
			};
			name = Release;
		};
		22199E4E1FCECD66002119E0 /* Debug */ = {
			isa = XCBuildConfiguration;
			buildSettings = {
				ALWAYS_EMBED_SWIFT_STANDARD_LIBRARIES = YES;
				CODE_SIGN_STYLE = Automatic;
				INFOPLIST_FILE = VirtualTouristUITests/Info.plist;
				LD_RUNPATH_SEARCH_PATHS = "$(inherited) @executable_path/Frameworks @loader_path/Frameworks";
				PRODUCT_BUNDLE_IDENTIFIER = udacity.VirtualTouristUITests;
				PRODUCT_NAME = "$(TARGET_NAME)";
				SWIFT_VERSION = 4.0;
				TARGETED_DEVICE_FAMILY = "1,2";
				TEST_TARGET_NAME = VirtualTourist;
			};
			name = Debug;
		};
		22199E4F1FCECD66002119E0 /* Release */ = {
			isa = XCBuildConfiguration;
			buildSettings = {
				ALWAYS_EMBED_SWIFT_STANDARD_LIBRARIES = YES;
				CODE_SIGN_STYLE = Automatic;
				INFOPLIST_FILE = VirtualTouristUITests/Info.plist;
				LD_RUNPATH_SEARCH_PATHS = "$(inherited) @executable_path/Frameworks @loader_path/Frameworks";
				PRODUCT_BUNDLE_IDENTIFIER = udacity.VirtualTouristUITests;
				PRODUCT_NAME = "$(TARGET_NAME)";
				SWIFT_VERSION = 4.0;
				TARGETED_DEVICE_FAMILY = "1,2";
				TEST_TARGET_NAME = VirtualTourist;
			};
			name = Release;
		};
/* End XCBuildConfiguration section */

/* Begin XCConfigurationList section */
		22199E1A1FCECD66002119E0 /* Build configuration list for PBXProject "VirtualTourist" */ = {
			isa = XCConfigurationList;
			buildConfigurations = (
				22199E451FCECD66002119E0 /* Debug */,
				22199E461FCECD66002119E0 /* Release */,
			);
			defaultConfigurationIsVisible = 0;
			defaultConfigurationName = Release;
		};
		22199E471FCECD66002119E0 /* Build configuration list for PBXNativeTarget "VirtualTourist" */ = {
			isa = XCConfigurationList;
			buildConfigurations = (
				22199E481FCECD66002119E0 /* Debug */,
				22199E491FCECD66002119E0 /* Release */,
			);
			defaultConfigurationIsVisible = 0;
			defaultConfigurationName = Release;
		};
		22199E4A1FCECD66002119E0 /* Build configuration list for PBXNativeTarget "VirtualTouristTests" */ = {
			isa = XCConfigurationList;
			buildConfigurations = (
				22199E4B1FCECD66002119E0 /* Debug */,
				22199E4C1FCECD66002119E0 /* Release */,
			);
			defaultConfigurationIsVisible = 0;
			defaultConfigurationName = Release;
		};
		22199E4D1FCECD66002119E0 /* Build configuration list for PBXNativeTarget "VirtualTouristUITests" */ = {
			isa = XCConfigurationList;
			buildConfigurations = (
				22199E4E1FCECD66002119E0 /* Debug */,
				22199E4F1FCECD66002119E0 /* Release */,
			);
			defaultConfigurationIsVisible = 0;
			defaultConfigurationName = Release;
		};
/* End XCConfigurationList section */

/* Begin XCVersionGroup section */
		227CDBDD1FD038D70037B3FF /* Model.xcdatamodeld */ = {
			isa = XCVersionGroup;
			children = (
				227CDBDE1FD038D70037B3FF /* Model.xcdatamodel */,
			);
			currentVersion = 227CDBDE1FD038D70037B3FF /* Model.xcdatamodel */;
			path = Model.xcdatamodeld;
			sourceTree = "<group>";
			versionGroupType = wrapper.xcdatamodel;
		};
/* End XCVersionGroup section */
	};
	rootObject = 22199E171FCECD66002119E0 /* Project object */;
}
